<Solution>
  <Folder Name="/Solution Items/" />
  <Project Path="base/base.esproj">
    <Build />
    <Deploy />
  </Project>
  <Project Path="email/email.esproj">
    <Build />
    <Deploy />
  </Project>
  <Project Path="websocket/websocket.esproj">
    <Build />
    <Deploy />
  </Project>
</Solution>
